<?xml version="1.0" encoding="utf-8"?>
<Project ToolsVersion="4.0" xmlns="http://schemas.microsoft.com/developer/msbuild/2003">
  <ItemGroup>
    <Filter Include="Source Files">
      <UniqueIdentifier>{4FC737F1-C7A5-4376-A066-2A32D752A2FF}</UniqueIdentifier>
      <Extensions>cpp;c;cc;cxx;def;odl;idl;hpj;bat;asm;asmx</Extensions>
    </Filter>
    <Filter Include="Header Files">
      <UniqueIdentifier>{93995380-89BD-4b04-88EB-625FBE52EBFB}</UniqueIdentifier>
      <Extensions>h;hh;hpp;hxx;hm;inl;inc;xsd</Extensions>
    </Filter>
    <Filter Include="Resource Files">
      <UniqueIdentifier>{67DA6AB6-F800-4c08-8B7A-83BB121AAD01}</UniqueIdentifier>
      <Extensions>rc;ico;cur;bmp;dlg;rc2;rct;bin;rgs;gif;jpg;jpeg;jpe;resx;tiff;tif;png;wav;mfcribbon-ms</Extensions>
    </Filter>
  </ItemGroup>
  <ItemGroup>
    <Text Include="ReadMe.txt" />
  </ItemGroup>
  <ItemGroup>
    <ClInclude Include="BitHelpers.h">
      <Filter>Header Files</Filter>
    </ClInclude>
    <ClInclude Include="ButtonState.h">
      <Filter>Header Files</Filter>
    </ClInclude>
    <ClInclude Include="ErrorReporting.h">
      <Filter>Header Files</Filter>
    </ClInclude>
    <ClInclude Include="InputReport.h">
      <Filter>Header Files</Filter>
    </ClInclude>
    <ClInclude Include="IRData.h">
      <Filter>Header Files</Filter>
    </ClInclude>
    <ClInclude Include="LinearAcceleration.h">
      <Filter>Header Files</Filter>
    </ClInclude>
    <ClInclude Include="LinearAccelerationReading.h">
      <Filter>Header Files</Filter>
    </ClInclude>
    <ClInclude Include="MotionPlusState.h">
      <Filter>Header Files</Filter>
    </ClInclude>
    <ClInclude Include="NunchuckState.h">
      <Filter>Header Files</Filter>
    </ClInclude>
    <ClInclude Include="OutputReport.h">
      <Filter>Header Files</Filter>
    </ClInclude>
    <ClInclude Include="stdafx.h">
      <Filter>Header Files</Filter>
    </ClInclude>
    <ClInclude Include="targetver.h">
      <Filter>Header Files</Filter>
    </ClInclude>
    <ClInclude Include="WiimoteEnums.h">
      <Filter>Header Files</Filter>
    </ClInclude>
    <ClInclude Include="WiimoteHandler.h">
      <Filter>Header Files</Filter>
    </ClInclude>
    <ClInclude Include="RotationalMotion.h">
      <Filter>Header Files</Filter>
    </ClInclude>
  </ItemGroup>
  <ItemGroup>
    <ClCompile Include="BitHelpers.cpp">
      <Filter>Source Files</Filter>
    </ClCompile>
    <ClCompile Include="ButtonState.cpp">
      <Filter>Source Files</Filter>
    </ClCompile>
    <ClCompile Include="ErrorReporting.cpp">
      <Filter>Source Files</Filter>
    </ClCompile>
    <ClCompile Include="InputReport.cpp">
      <Filter>Source Files</Filter>
    </ClCompile>
    <ClCompile Include="IRData.cpp">
      <Filter>Source Files</Filter>
    </ClCompile>
    <ClCompile Include="LinearAcceleration.cpp">
      <Filter>Source Files</Filter>
    </ClCompile>
    <ClCompile Include="LinearAccelerationReading.cpp">
      <Filter>Source Files</Filter>
    </ClCompile>
    <ClCompile Include="MotionPlusState.cpp">
      <Filter>Source Files</Filter>
    </ClCompile>
    <ClCompile Include="NunchuckState.cpp">
      <Filter>Source Files</Filter>
    </ClCompile>
    <ClCompile Include="OutputReport.cpp">
      <Filter>Source Files</Filter>
    </ClCompile>
    <ClCompile Include="stdafx.cpp">
      <Filter>Source Files</Filter>
    </ClCompile>
    <ClCompile Include="WiimoteEnums.cpp">
      <Filter>Source Files</Filter>
    </ClCompile>
    <ClCompile Include="WiimoteHandler.cpp">
      <Filter>Source Files</Filter>
    </ClCompile>
    <ClCompile Include="RotationalMotion.cpp">
      <Filter>Source Files</Filter>
    </ClCompile>
  </ItemGroup>
</Project>